
Microsoft Visual Studio Solution File, Format Version 12.00
# Visual Studio Version 16
VisualStudioVersion = 16.0.31605.320
MinimumVisualStudioVersion = 10.0.40219.1
Project("{FAE04EC0-301F-11D3-BF4B-00C04F79EFBC}") = "CedFacturaElectronica.Api", "CedFacturaElectronica.Api\CedFacturaElectronica.Api.csproj", "{73A69F46-10D8-405B-9CA1-C829AD463F04}"
EndProject
Project("{FAE04EC0-301F-11D3-BF4B-00C04F79EFBC}") = "CedFacturaElectronica.Core", "CedFacturaElectronica.Core\CedFacturaElectronica.Core.csproj", "{FD24C718-9632-4BA2-901E-7FB8D1B2FEB9}"
EndProject
Project("{FAE04EC0-301F-11D3-BF4B-00C04F79EFBC}") = "CedFacturaElectronica.Infrastructure", "CedFacturaElectronica.Infrastructure\CedFacturaElectronica.Infrastructure.csproj", "{844F716D-8180-4F3C-803B-A381DE0D7EB0}"
EndProject
Project("{2150E333-8FDC-42A3-9474-1A3956D46DE8}") = "Test", "Test", "{C411A8C5-2A0E-4376-B661-D2F7D68ECF38}"
EndProject
Project("{FAE04EC0-301F-11D3-BF4B-00C04F79EFBC}") = "CedFacturaElectronica.UnitTests", "CedFacturaElectronica.UnitTests\CedFacturaElectronica.UnitTests.csproj", "{AE5A46CA-4B42-423B-A892-F67AF5C5DC3C}"
EndProject
Project("{FAE04EC0-301F-11D3-BF4B-00C04F79EFBC}") = "CedFacturaElectronica.IntegrationTests", "CedFacturaElectronica.IntegrationTests\CedFacturaElectronica.IntegrationTests.csproj", "{886C18E9-F5F7-4D90-A9A1-D28C81EF0FFD}"
EndProject
Global
	GlobalSection(SolutionConfigurationPlatforms) = preSolution
		Debug|Any CPU = Debug|Any CPU
		Release|Any CPU = Release|Any CPU
	EndGlobalSection
	GlobalSection(ProjectConfigurationPlatforms) = postSolution
		{73A69F46-10D8-405B-9CA1-C829AD463F04}.Debug|Any CPU.ActiveCfg = Debug|Any CPU
		{73A69F46-10D8-405B-9CA1-C829AD463F04}.Debug|Any CPU.Build.0 = Debug|Any CPU
		{73A69F46-10D8-405B-9CA1-C829AD463F04}.Release|Any CPU.ActiveCfg = Release|Any CPU
		{73A69F46-10D8-405B-9CA1-C829AD463F04}.Release|Any CPU.Build.0 = Release|Any CPU
		{FD24C718-9632-4BA2-901E-7FB8D1B2FEB9}.Debug|Any CPU.ActiveCfg = Debug|Any CPU
		{FD24C718-9632-4BA2-901E-7FB8D1B2FEB9}.Debug|Any CPU.Build.0 = Debug|Any CPU
		{FD24C718-9632-4BA2-901E-7FB8D1B2FEB9}.Release|Any CPU.ActiveCfg = Release|Any CPU
		{FD24C718-9632-4BA2-901E-7FB8D1B2FEB9}.Release|Any CPU.Build.0 = Release|Any CPU
		{844F716D-8180-4F3C-803B-A381DE0D7EB0}.Debug|Any CPU.ActiveCfg = Debug|Any CPU
		{844F716D-8180-4F3C-803B-A381DE0D7EB0}.Debug|Any CPU.Build.0 = Debug|Any CPU
		{844F716D-8180-4F3C-803B-A381DE0D7EB0}.Release|Any CPU.ActiveCfg = Release|Any CPU
		{844F716D-8180-4F3C-803B-A381DE0D7EB0}.Release|Any CPU.Build.0 = Release|Any CPU
		{AE5A46CA-4B42-423B-A892-F67AF5C5DC3C}.Debug|Any CPU.ActiveCfg = Debug|Any CPU
		{AE5A46CA-4B42-423B-A892-F67AF5C5DC3C}.Debug|Any CPU.Build.0 = Debug|Any CPU
		{AE5A46CA-4B42-423B-A892-F67AF5C5DC3C}.Release|Any CPU.ActiveCfg = Release|Any CPU
		{AE5A46CA-4B42-423B-A892-F67AF5C5DC3C}.Release|Any CPU.Build.0 = Release|Any CPU
		{886C18E9-F5F7-4D90-A9A1-D28C81EF0FFD}.Debug|Any CPU.ActiveCfg = Debug|Any CPU
		{886C18E9-F5F7-4D90-A9A1-D28C81EF0FFD}.Debug|Any CPU.Build.0 = Debug|Any CPU
		{886C18E9-F5F7-4D90-A9A1-D28C81EF0FFD}.Release|Any CPU.ActiveCfg = Release|Any CPU
		{886C18E9-F5F7-4D90-A9A1-D28C81EF0FFD}.Release|Any CPU.Build.0 = Release|Any CPU
	EndGlobalSection
	GlobalSection(SolutionProperties) = preSolution
		HideSolutionNode = FALSE
	EndGlobalSection
	GlobalSection(NestedProjects) = preSolution
		{AE5A46CA-4B42-423B-A892-F67AF5C5DC3C} = {C411A8C5-2A0E-4376-B661-D2F7D68ECF38}
		{886C18E9-F5F7-4D90-A9A1-D28C81EF0FFD} = {C411A8C5-2A0E-4376-B661-D2F7D68ECF38}
	EndGlobalSection
	GlobalSection(ExtensibilityGlobals) = postSolution
		SolutionGuid = {0E386ED0-07ED-42DE-90AC-B0D360D08E0A}
	EndGlobalSection
EndGlobal
